
Microsoft Visual Studio Solution File, Format Version 12.00
# Visual Studio Version 16
VisualStudioVersion = 16.0.29613.14
MinimumVisualStudioVersion = 10.0.40219.1
Project("{FAE04EC0-301F-11D3-BF4B-00C04F79EFBC}") = "ejercicio1dejoaquinzampelunghe", "ejercicio1dejoaquinzampelunghe\ejercicio1dejoaquinzampelunghe.csproj", "{B09BEC7A-7738-49A8-9D0B-069B51333CBB}"
EndProject
Global
	GlobalSection(SolutionConfigurationPlatforms) = preSolution
		Debug|Any CPU = Debug|Any CPU
		Release|Any CPU = Release|Any CPU
	EndGlobalSection
	GlobalSection(ProjectConfigurationPlatforms) = postSolution
		{B09BEC7A-7738-49A8-9D0B-069B51333CBB}.Debug|Any CPU.ActiveCfg = Debug|Any CPU
		{B09BEC7A-7738-49A8-9D0B-069B51333CBB}.Debug|Any CPU.Build.0 = Debug|Any CPU
		{B09BEC7A-7738-49A8-9D0B-069B51333CBB}.Release|Any CPU.ActiveCfg = Release|Any CPU
		{B09BEC7A-7738-49A8-9D0B-069B51333CBB}.Release|Any CPU.Build.0 = Release|Any CPU
	EndGlobalSection
	GlobalSection(SolutionProperties) = preSolution
		HideSolutionNode = FALSE
	EndGlobalSection
	GlobalSection(ExtensibilityGlobals) = postSolution
		SolutionGuid = {E52D66E9-3316-485C-A874-771579815CFF}
	EndGlobalSection
EndGlobal
